<?xml version="1.0" encoding="UTF-8"?>
<Solution>
	<Configurations>
		<BuildType Name="Debug"/>
		<BuildType Name="Release"/>
		<BuildType Name="MinSizeRel"/>
		<BuildType Name="RelWithDebInfo"/>
		<Platform Name="x64"/>
	</Configurations>
	<Project Path="ALL_BUILD.vcxproj" Type="8bc9ceb8-8b4a-11d0-8d11-00a0c91bc942" Id="2ea23ab7-ddb6-3517-917b-122dee4326eb" DefaultStartup="true">
		<BuildDependency Project="ZERO_CHECK.vcxproj"/>
		<BuildDependency Project="config-locator/config-locator.vcxproj"/>
		<BuildDependency Project="diskpack/diskpack.vcxproj"/>
		<BuildDependency Project="visualizer/visualizer.vcxproj"/>
		<Build Solution="Debug|*" Project="false"/>
		<Build Solution="Release|*" Project="false"/>
		<Build Solution="MinSizeRel|*" Project="false"/>
		<Build Solution="RelWithDebInfo|*" Project="false"/>
	</Project>
	<Project Path="ZERO_CHECK.vcxproj" Type="8bc9ceb8-8b4a-11d0-8d11-00a0c91bc942" Id="8bf8b783-cf4e-3663-b207-eb81759b3a71"/>
	<Project Path="config-locator/config-locator.vcxproj" Type="8bc9ceb8-8b4a-11d0-8d11-00a0c91bc942" Id="52c881de-dad5-3ca2-9755-ed18dec57683">
		<BuildDependency Project="ZERO_CHECK.vcxproj"/>
		<BuildDependency Project="diskpack/diskpack.vcxproj"/>
	</Project>
	<Project Path="diskpack/diskpack.vcxproj" Type="8bc9ceb8-8b4a-11d0-8d11-00a0c91bc942" Id="03f11b03-b217-3e52-b306-4c4df64aa7c4">
		<BuildDependency Project="ZERO_CHECK.vcxproj"/>
	</Project>
	<Project Path="visualizer/visualizer.vcxproj" Type="8bc9ceb8-8b4a-11d0-8d11-00a0c91bc942" Id="0da5fae9-be20-38fc-9baa-0a6b84f013e5">
		<BuildDependency Project="ZERO_CHECK.vcxproj"/>
		<BuildDependency Project="diskpack/diskpack.vcxproj"/>
	</Project>
</Solution>
