<?xml version="1.0" encoding="utf-8"?>
<Project ToolsVersion="18.0" xmlns="http://schemas.microsoft.com/developer/msbuild/2003">
  <ItemGroup>
    <ClCompile Include="C:\Users\New\Desktop\diskpack mine\diskpack\src\geometry.cpp">
      <Filter>Source Files</Filter>
    </ClCompile>
    <ClCompile Include="C:\Users\New\Desktop\diskpack mine\diskpack\src\corona.cpp">
      <Filter>Source Files</Filter>
    </ClCompile>
    <ClCompile Include="C:\Users\New\Desktop\diskpack mine\diskpack\src\generator.cpp">
      <Filter>Source Files</Filter>
    </ClCompile>
    <ClCompile Include="C:\Users\New\Desktop\diskpack mine\diskpack\src\codec.cpp">
      <Filter>Source Files</Filter>
    </ClCompile>
    <ClCompile Include="C:\Users\New\Desktop\diskpack mine\diskpack\src\search.cpp">
      <Filter>Source Files</Filter>
    </ClCompile>
  </ItemGroup>
  <ItemGroup>
    <CustomBuild Include="C:\Users\New\Desktop\diskpack mine\diskpack\CMakeLists.txt" />
  </ItemGroup>
  <ItemGroup>
    <Filter Include="Source Files">
      <UniqueIdentifier>{88091845-2C84-3856-959C-3D0082BE3E89}</UniqueIdentifier>
    </Filter>
  </ItemGroup>
</Project>
